<Solution>
  <Project Path="Assembly-CSharp.csproj" />
  <Project Path="Unity.2D.Aseprite.Editor.csproj" />
  <Project Path="LDtkUnity.Runtime.csproj" />
  <Project Path="LDtkUnity.Editor.csproj" />
  <Project Path="Assembly-CSharp-firstpass.csproj" />
  <Project Path="Assembly-CSharp-Editor-firstpass.csproj" />
  <Project Path="Unity.InternalAPIEditorBridge.004.csproj" />
</Solution>
